
Microsoft Visual Studio Solution File, Format Version 12.00
# Visual Studio Version 16
VisualStudioVersion = 16.0.33027.164
MinimumVisualStudioVersion = 10.0.40219.1
Project("{FAE04EC0-301F-11D3-BF4B-00C04F79EFBC}") = "Infinite.TestWeek7", "Infinite.TestWeek7\Infinite.TestWeek7.csproj", "{9F7D90C5-32E3-49DC-A377-ECBB85B2D565}"
EndProject
Global
	GlobalSection(SolutionConfigurationPlatforms) = preSolution
		Debug|Any CPU = Debug|Any CPU
		Release|Any CPU = Release|Any CPU
	EndGlobalSection
	GlobalSection(ProjectConfigurationPlatforms) = postSolution
		{9F7D90C5-32E3-49DC-A377-ECBB85B2D565}.Debug|Any CPU.ActiveCfg = Debug|Any CPU
		{9F7D90C5-32E3-49DC-A377-ECBB85B2D565}.Debug|Any CPU.Build.0 = Debug|Any CPU
		{9F7D90C5-32E3-49DC-A377-ECBB85B2D565}.Release|Any CPU.ActiveCfg = Release|Any CPU
		{9F7D90C5-32E3-49DC-A377-ECBB85B2D565}.Release|Any CPU.Build.0 = Release|Any CPU
	EndGlobalSection
	GlobalSection(SolutionProperties) = preSolution
		HideSolutionNode = FALSE
	EndGlobalSection
	GlobalSection(ExtensibilityGlobals) = postSolution
		SolutionGuid = {61522076-441E-409C-B1CD-B789B4082188}
	EndGlobalSection
EndGlobal
